// !$*UTF8*$!
{
	archiveVersion = 1;
	classes = {
	};
	objectVersion = 77;
	objects = {

/* Begin PBXBuildFile section */
		964A470B2D440CDA00A8A718 /* FirebaseAnalytics in Frameworks */ = {isa = PBXBuildFile; productRef = 964A470A2D440CDA00A8A718 /* FirebaseAnalytics */; };
		964A470D2D440CDA00A8A718 /* FirebaseAnalyticsOnDeviceConversion in Frameworks */ = {isa = PBXBuildFile; productRef = 964A470C2D440CDA00A8A718 /* FirebaseAnalyticsOnDeviceConversion */; };
		964A470F2D440CDA00A8A718 /* FirebaseAnalyticsWithoutAdIdSupport in Frameworks */ = {isa = PBXBuildFile; productRef = 964A470E2D440CDA00A8A718 /* FirebaseAnalyticsWithoutAdIdSupport */; };
		964A47112D440CDA00A8A718 /* FirebaseAppCheck in Frameworks */ = {isa = PBXBuildFile; productRef = 964A47102D440CDA00A8A718 /* FirebaseAppCheck */; };
		964A47132D440CDA00A8A718 /* FirebaseAppDistribution-Beta in Frameworks */ = {isa = PBXBuildFile; productRef = 964A47122D440CDA00A8A718 /* FirebaseAppDistribution-Beta */; };
/* End PBXBuildFile section */

/* Begin PBXContainerItemProxy section */
		96B99E5E2D4156E600B46D3D /* PBXContainerItemProxy */ = {
			isa = PBXContainerItemProxy;
			containerPortal = 96B99E452D4156E100B46D3D /* Project object */;
			proxyType = 1;
			remoteGlobalIDString = 96B99E4C2D4156E100B46D3D;
			remoteInfo = TikTokClone;
		};
		96B99E682D4156E600B46D3D /* PBXContainerItemProxy */ = {
			isa = PBXContainerItemProxy;
			containerPortal = 96B99E452D4156E100B46D3D /* Project object */;
			proxyType = 1;
			remoteGlobalIDString = 96B99E4C2D4156E100B46D3D;
			remoteInfo = TikTokClone;
		};
/* End PBXContainerItemProxy section */

/* Begin PBXFileReference section */
		96B99E4D2D4156E100B46D3D /* TikTokClone.app */ = {isa = PBXFileReference; explicitFileType = wrapper.application; includeInIndex = 0; path = TikTokClone.app; sourceTree = BUILT_PRODUCTS_DIR; };
		96B99E5D2D4156E600B46D3D /* TikTokCloneTests.xctest */ = {isa = PBXFileReference; explicitFileType = wrapper.cfbundle; includeInIndex = 0; path = TikTokCloneTests.xctest; sourceTree = BUILT_PRODUCTS_DIR; };
		96B99E672D4156E600B46D3D /* TikTokCloneUITests.xctest */ = {isa = PBXFileReference; explicitFileType = wrapper.cfbundle; includeInIndex = 0; path = TikTokCloneUITests.xctest; sourceTree = BUILT_PRODUCTS_DIR; };
/* End PBXFileReference section */

/* Begin PBXFileSystemSynchronizedRootGroup section */
		96B99E4F2D4156E100B46D3D /* TikTokClone */ = {
			isa = PBXFileSystemSynchronizedRootGroup;
			path = TikTokClone;
			sourceTree = "<group>";
		};
/* End PBXFileSystemSynchronizedRootGroup section */

/* Begin PBXFrameworksBuildPhase section */
		96B99E4A2D4156E100B46D3D /* Frameworks */ = {
			isa = PBXFrameworksBuildPhase;
			buildActionMask = 2147483647;
			files = (
				964A47112D440CDA00A8A718 /* FirebaseAppCheck in Frameworks */,
				964A470B2D440CDA00A8A718 /* FirebaseAnalytics in Frameworks */,
				964A47132D440CDA00A8A718 /* FirebaseAppDistribution-Beta in Frameworks */,
				964A470F2D440CDA00A8A718 /* FirebaseAnalyticsWithoutAdIdSupport in Frameworks */,
				964A470D2D440CDA00A8A718 /* FirebaseAnalyticsOnDeviceConversion in Frameworks */,
			);
			runOnlyForDeploymentPostprocessing = 0;
		};
		96B99E5A2D4156E600B46D3D /* Frameworks */ = {
			isa = PBXFrameworksBuildPhase;
			buildActionMask = 2147483647;
			files = (
			);
			runOnlyForDeploymentPostprocessing = 0;
		};
		96B99E642D4156E600B46D3D /* Frameworks */ = {
			isa = PBXFrameworksBuildPhase;
			buildActionMask = 2147483647;
			files = (
			);
			runOnlyForDeploymentPostprocessing = 0;
		};
/* End PBXFrameworksBuildPhase section */

/* Begin PBXGroup section */
		96B99E442D4156E100B46D3D = {
			isa = PBXGroup;
			children = (
				96B99E4E2D4156E100B46D3D /* Products */,
				96B99E4F2D4156E100B46D3D /* TikTokClone */,
			);
			sourceTree = "<group>";
		};
		96B99E4E2D4156E100B46D3D /* Products */ = {
			isa = PBXGroup;
			children = (
				96B99E4D2D4156E100B46D3D /* TikTokClone.app */,
				96B99E5D2D4156E600B46D3D /* TikTokCloneTests.xctest */,
				96B99E672D4156E600B46D3D /* TikTokCloneUITests.xctest */,
			);
			name = Products;
			sourceTree = "<group>";
		};
/* End PBXGroup section */

/* Begin PBXNativeTarget section */
		96B99E4C2D4156E100B46D3D /* TikTokClone */ = {
			isa = PBXNativeTarget;
			buildConfigurationList = 96B99E712D4156E600B46D3D /* Build configuration list for PBXNativeTarget "TikTokClone" */;
			buildPhases = (
				96B99E492D4156E100B46D3D /* Sources */,
				96B99E4A2D4156E100B46D3D /* Frameworks */,
				96B99E4B2D4156E100B46D3D /* Resources */,
			);
			buildRules = (
			);
			dependencies = (
			);
			fileSystemSynchronizedGroups = (
				96B99E4F2D4156E100B46D3D /* TikTokClone */,
			);
			name = TikTokClone;
			packageProductDependencies = (
				964A470A2D440CDA00A8A718 /* FirebaseAnalytics */,
				964A470C2D440CDA00A8A718 /* FirebaseAnalyticsOnDeviceConversion */,
				964A470E2D440CDA00A8A718 /* FirebaseAnalyticsWithoutAdIdSupport */,
				964A47102D440CDA00A8A718 /* FirebaseAppCheck */,
				964A47122D440CDA00A8A718 /* FirebaseAppDistribution-Beta */,
			);
			productName = TikTokClone;
			productReference = 96B99E4D2D4156E100B46D3D /* TikTokClone.app */;
			productType = "com.apple.product-type.application";
		};
		96B99E5C2D4156E600B46D3D /* TikTokCloneTests */ = {
			isa = PBXNativeTarget;
			buildConfigurationList = 96B99E742D4156E600B46D3D /* Build configuration list for PBXNativeTarget "TikTokCloneTests" */;
			buildPhases = (
				96B99E592D4156E600B46D3D /* Sources */,
				96B99E5A2D4156E600B46D3D /* Frameworks */,
				96B99E5B2D4156E600B46D3D /* Resources */,
			);
			buildRules = (
			);
			dependencies = (
				96B99E5F2D4156E600B46D3D /* PBXTargetDependency */,
			);
			name = TikTokCloneTests;
			packageProductDependencies = (
			);
			productName = TikTokCloneTests;
			productReference = 96B99E5D2D4156E600B46D3D /* TikTokCloneTests.xctest */;
			productType = "com.apple.product-type.bundle.unit-test";
		};
		96B99E662D4156E600B46D3D /* TikTokCloneUITests */ = {
			isa = PBXNativeTarget;
			buildConfigurationList = 96B99E772D4156E600B46D3D /* Build configuration list for PBXNativeTarget "TikTokCloneUITests" */;
			buildPhases = (
				96B99E632D4156E600B46D3D /* Sources */,
				96B99E642D4156E600B46D3D /* Frameworks */,
				96B99E652D4156E600B46D3D /* Resources */,
			);
			buildRules = (
			);
			dependencies = (
				96B99E692D4156E600B46D3D /* PBXTargetDependency */,
			);
			name = TikTokCloneUITests;
			packageProductDependencies = (
			);
			productName = TikTokCloneUITests;
			productReference = 96B99E672D4156E600B46D3D /* TikTokCloneUITests.xctest */;
			productType = "com.apple.product-type.bundle.ui-testing";
		};
/* End PBXNativeTarget section */

/* Begin PBXProject section */
		96B99E452D4156E100B46D3D /* Project object */ = {
			isa = PBXProject;
			attributes = {
				BuildIndependentTargetsInParallel = 1;
				LastSwiftUpdateCheck = 1620;
				LastUpgradeCheck = 1620;
				TargetAttributes = {
					96B99E4C2D4156E100B46D3D = {
						CreatedOnToolsVersion = 16.2;
					};
					96B99E5C2D4156E600B46D3D = {
						CreatedOnToolsVersion = 16.2;
						TestTargetID = 96B99E4C2D4156E100B46D3D;
					};
					96B99E662D4156E600B46D3D = {
						CreatedOnToolsVersion = 16.2;
						TestTargetID = 96B99E4C2D4156E100B46D3D;
					};
				};
			};
			buildConfigurationList = 96B99E482D4156E100B46D3D /* Build configuration list for PBXProject "TikTokClone" */;
			developmentRegion = en;
			hasScannedForEncodings = 0;
			knownRegions = (
				en,
				Base,
			);
			mainGroup = 96B99E442D4156E100B46D3D;
			minimizedProjectReferenceProxies = 1;
			packageReferences = (
				964A46C02D440AD200A8A718 /* XCRemoteSwiftPackageReference "firebase-ios-sdk" */,
			);
			preferredProjectObjectVersion = 77;
			productRefGroup = 96B99E4E2D4156E100B46D3D /* Products */;
			projectDirPath = "";
			projectRoot = "";
			targets = (
				96B99E4C2D4156E100B46D3D /* TikTokClone */,
				96B99E5C2D4156E600B46D3D /* TikTokCloneTests */,
				96B99E662D4156E600B46D3D /* TikTokCloneUITests */,
			);
		};
/* End PBXProject section */

/* Begin PBXResourcesBuildPhase section */
		96B99E4B2D4156E100B46D3D /* Resources */ = {
			isa = PBXResourcesBuildPhase;
			buildActionMask = 2147483647;
			files = (
			);
			runOnlyForDeploymentPostprocessing = 0;
		};
		96B99E5B2D4156E600B46D3D /* Resources */ = {
			isa = PBXResourcesBuildPhase;
			buildActionMask = 2147483647;
			files = (
			);
			runOnlyForDeploymentPostprocessing = 0;
		};
		96B99E652D4156E600B46D3D /* Resources */ = {
			isa = PBXResourcesBuildPhase;
			buildActionMask = 2147483647;
			files = (
			);
			runOnlyForDeploymentPostprocessing = 0;
		};
/* End PBXResourcesBuildPhase section */

/* Begin PBXSourcesBuildPhase section */
		96B99E492D4156E100B46D3D /* Sources */ = {
			isa = PBXSourcesBuildPhase;
			buildActionMask = 2147483647;
			files = (
			);
			runOnlyForDeploymentPostprocessing = 0;
		};
		96B99E592D4156E600B46D3D /* Sources */ = {
			isa = PBXSourcesBuildPhase;
			buildActionMask = 2147483647;
			files = (
			);
			runOnlyForDeploymentPostprocessing = 0;
		};
		96B99E632D4156E600B46D3D /* Sources */ = {
			isa = PBXSourcesBuildPhase;
			buildActionMask = 2147483647;
			files = (
			);
			runOnlyForDeploymentPostprocessing = 0;
		};
/* End PBXSourcesBuildPhase section */

/* Begin PBXTargetDependency section */
		96B99E5F2D4156E600B46D3D /* PBXTargetDependency */ = {
			isa = PBXTargetDependency;
			target = 96B99E4C2D4156E100B46D3D /* TikTokClone */;
			targetProxy = 96B99E5E2D4156E600B46D3D /* PBXContainerItemProxy */;
		};
		96B99E692D4156E600B46D3D /* PBXTargetDependency */ = {
			isa = PBXTargetDependency;
			target = 96B99E4C2D4156E100B46D3D /* TikTokClone */;
			targetProxy = 96B99E682D4156E600B46D3D /* PBXContainerItemProxy */;
		};
/* End PBXTargetDependency section */

/* Begin XCBuildConfiguration section */
		96B99E6F2D4156E600B46D3D /* Debug */ = {
			isa = XCBuildConfiguration;
			buildSettings = {
				ALWAYS_SEARCH_USER_PATHS = NO;
				ASSETCATALOG_COMPILER_GENERATE_SWIFT_ASSET_SYMBOL_EXTENSIONS = YES;
				CLANG_ANALYZER_NONNULL = YES;
				CLANG_ANALYZER_NUMBER_OBJECT_CONVERSION = YES_AGGRESSIVE;
				CLANG_CXX_LANGUAGE_STANDARD = "gnu++20";
				CLANG_ENABLE_MODULES = YES;
				CLANG_ENABLE_OBJC_ARC = YES;
				CLANG_ENABLE_OBJC_WEAK = YES;
				CLANG_WARN_BLOCK_CAPTURE_AUTORELEASING = YES;
				CLANG_WARN_BOOL_CONVERSION = YES;
				CLANG_WARN_COMMA = YES;
				CLANG_WARN_CONSTANT_CONVERSION = YES;
				CLANG_WARN_DEPRECATED_OBJC_IMPLEMENTATIONS = YES;
				CLANG_WARN_DIRECT_OBJC_ISA_USAGE = YES_ERROR;
				CLANG_WARN_DOCUMENTATION_COMMENTS = YES;
				CLANG_WARN_EMPTY_BODY = YES;
				CLANG_WARN_ENUM_CONVERSION = YES;
				CLANG_WARN_INFINITE_RECURSION = YES;
				CLANG_WARN_INT_CONVERSION = YES;
				CLANG_WARN_NON_LITERAL_NULL_CONVERSION = YES;
				CLANG_WARN_OBJC_IMPLICIT_RETAIN_SELF = YES;
				CLANG_WARN_OBJC_LITERAL_CONVERSION = YES;
				CLANG_WARN_OBJC_ROOT_CLASS = YES_ERROR;
				CLANG_WARN_QUOTED_INCLUDE_IN_FRAMEWORK_HEADER = YES;
				CLANG_WARN_RANGE_LOOP_ANALYSIS = YES;
				CLANG_WARN_STRICT_PROTOTYPES = YES;
				CLANG_WARN_SUSPICIOUS_MOVE = YES;
				CLANG_WARN_UNGUARDED_AVAILABILITY = YES_AGGRESSIVE;
				CLANG_WARN_UNREACHABLE_CODE = YES;
				CLANG_WARN__DUPLICATE_METHOD_MATCH = YES;
				COPY_PHASE_STRIP = NO;
				DEBUG_INFORMATION_FORMAT = dwarf;
				ENABLE_STRICT_OBJC_MSGSEND = YES;
				ENABLE_TESTABILITY = YES;
				ENABLE_USER_SCRIPT_SANDBOXING = YES;
				GCC_C_LANGUAGE_STANDARD = gnu17;
				GCC_DYNAMIC_NO_PIC = NO;
				GCC_NO_COMMON_BLOCKS = YES;
				GCC_OPTIMIZATION_LEVEL = 0;
				GCC_PREPROCESSOR_DEFINITIONS = (
					"DEBUG=1",
					"$(inherited)",
				);
				GCC_WARN_64_TO_32_BIT_CONVERSION = YES;
				GCC_WARN_ABOUT_RETURN_TYPE = YES_ERROR;
				GCC_WARN_UNDECLARED_SELECTOR = YES;
				GCC_WARN_UNINITIALIZED_AUTOS = YES_AGGRESSIVE;
				GCC_WARN_UNUSED_FUNCTION = YES;
				GCC_WARN_UNUSED_VARIABLE = YES;
				IPHONEOS_DEPLOYMENT_TARGET = 18.2;
				LOCALIZATION_PREFERS_STRING_CATALOGS = YES;
				MTL_ENABLE_DEBUG_INFO = INCLUDE_SOURCE;
				MTL_FAST_MATH = YES;
				ONLY_ACTIVE_ARCH = YES;
				SDKROOT = iphoneos;
				SWIFT_ACTIVE_COMPILATION_CONDITIONS = "DEBUG $(inherited)";
				SWIFT_OPTIMIZATION_LEVEL = "-Onone";
			};
			name = Debug;
		};
		96B99E702D4156E600B46D3D /* Release */ = {
			isa = XCBuildConfiguration;
			buildSettings = {
				ALWAYS_SEARCH_USER_PATHS = NO;
				ASSETCATALOG_COMPILER_GENERATE_SWIFT_ASSET_SYMBOL_EXTENSIONS = YES;
				CLANG_ANALYZER_NONNULL = YES;
				CLANG_ANALYZER_NUMBER_OBJECT_CONVERSION = YES_AGGRESSIVE;
				CLANG_CXX_LANGUAGE_STANDARD = "gnu++20";
				CLANG_ENABLE_MODULES = YES;
				CLANG_ENABLE_OBJC_ARC = YES;
				CLANG_ENABLE_OBJC_WEAK = YES;
				CLANG_WARN_BLOCK_CAPTURE_AUTORELEASING = YES;
				CLANG_WARN_BOOL_CONVERSION = YES;
				CLANG_WARN_COMMA = YES;
				CLANG_WARN_CONSTANT_CONVERSION = YES;
				CLANG_WARN_DEPRECATED_OBJC_IMPLEMENTATIONS = YES;
				CLANG_WARN_DIRECT_OBJC_ISA_USAGE = YES_ERROR;
				CLANG_WARN_DOCUMENTATION_COMMENTS = YES;
				CLANG_WARN_EMPTY_BODY = YES;
				CLANG_WARN_ENUM_CONVERSION = YES;
				CLANG_WARN_INFINITE_RECURSION = YES;
				CLANG_WARN_INT_CONVERSION = YES;
				CLANG_WARN_NON_LITERAL_NULL_CONVERSION = YES;
				CLANG_WARN_OBJC_IMPLICIT_RETAIN_SELF = YES;
				CLANG_WARN_OBJC_LITERAL_CONVERSION = YES;
				CLANG_WARN_OBJC_ROOT_CLASS = YES_ERROR;
				CLANG_WARN_QUOTED_INCLUDE_IN_FRAMEWORK_HEADER = YES;
				CLANG_WARN_RANGE_LOOP_ANALYSIS = YES;
				CLANG_WARN_STRICT_PROTOTYPES = YES;
				CLANG_WARN_SUSPICIOUS_MOVE = YES;
				CLANG_WARN_UNGUARDED_AVAILABILITY = YES_AGGRESSIVE;
				CLANG_WARN_UNREACHABLE_CODE = YES;
				CLANG_WARN__DUPLICATE_METHOD_MATCH = YES;
				COPY_PHASE_STRIP = NO;
				DEBUG_INFORMATION_FORMAT = "dwarf-with-dsym";
				ENABLE_NS_ASSERTIONS = NO;
				ENABLE_STRICT_OBJC_MSGSEND = YES;
				ENABLE_USER_SCRIPT_SANDBOXING = YES;
				GCC_C_LANGUAGE_STANDARD = gnu17;
				GCC_NO_COMMON_BLOCKS = YES;
				GCC_WARN_64_TO_32_BIT_CONVERSION = YES;
				GCC_WARN_ABOUT_RETURN_TYPE = YES_ERROR;
				GCC_WARN_UNDECLARED_SELECTOR = YES;
				GCC_WARN_UNINITIALIZED_AUTOS = YES_AGGRESSIVE;
				GCC_WARN_UNUSED_FUNCTION = YES;
				GCC_WARN_UNUSED_VARIABLE = YES;
				IPHONEOS_DEPLOYMENT_TARGET = 18.2;
				LOCALIZATION_PREFERS_STRING_CATALOGS = YES;
				MTL_ENABLE_DEBUG_INFO = NO;
				MTL_FAST_MATH = YES;
				SDKROOT = iphoneos;
				SWIFT_COMPILATION_MODE = wholemodule;
				VALIDATE_PRODUCT = YES;
			};
			name = Release;
		};
		96B99E722D4156E600B46D3D /* Debug */ = {
			isa = XCBuildConfiguration;
			buildSettings = {
				ASSETCATALOG_COMPILER_APPICON_NAME = AppIcon;
				ASSETCATALOG_COMPILER_GLOBAL_ACCENT_COLOR_NAME = AccentColor;
				CODE_SIGN_STYLE = Automatic;
				CURRENT_PROJECT_VERSION = 1;
				DEVELOPMENT_ASSET_PATHS = "\"TikTokClone/Preview Content\"";
				DEVELOPMENT_TEAM = L979M8V7RW;
				ENABLE_PREVIEWS = YES;
				GENERATE_INFOPLIST_FILE = YES;
				INFOPLIST_KEY_UIApplicationSceneManifest_Generation = YES;
				INFOPLIST_KEY_UIApplicationSupportsIndirectInputEvents = YES;
				INFOPLIST_KEY_UILaunchScreen_Generation = YES;
				INFOPLIST_KEY_UISupportedInterfaceOrientations_iPad = "UIInterfaceOrientationPortrait UIInterfaceOrientationPortraitUpsideDown UIInterfaceOrientationLandscapeLeft UIInterfaceOrientationLandscapeRight";
				INFOPLIST_KEY_UISupportedInterfaceOrientations_iPhone = "UIInterfaceOrientationPortrait UIInterfaceOrientationLandscapeLeft UIInterfaceOrientationLandscapeRight";
				LD_RUNPATH_SEARCH_PATHS = (
					"$(inherited)",
					"@executable_path/Frameworks",
				);
				MARKETING_VERSION = 1.0;
				PRODUCT_BUNDLE_IDENTIFIER = brody.TikTokClone;
				PRODUCT_NAME = "$(TARGET_NAME)";
				SWIFT_EMIT_LOC_STRINGS = YES;
				SWIFT_VERSION = 5.0;
				TARGETED_DEVICE_FAMILY = "1,2";
			};
			name = Debug;
		};
		96B99E732D4156E600B46D3D /* Release */ = {
			isa = XCBuildConfiguration;
			buildSettings = {
				ASSETCATALOG_COMPILER_APPICON_NAME = AppIcon;
				ASSETCATALOG_COMPILER_GLOBAL_ACCENT_COLOR_NAME = AccentColor;
				CODE_SIGN_STYLE = Automatic;
				CURRENT_PROJECT_VERSION = 1;
				DEVELOPMENT_ASSET_PATHS = "\"TikTokClone/Preview Content\"";
				DEVELOPMENT_TEAM = L979M8V7RW;
				ENABLE_PREVIEWS = YES;
				GENERATE_INFOPLIST_FILE = YES;
				INFOPLIST_KEY_UIApplicationSceneManifest_Generation = YES;
				INFOPLIST_KEY_UIApplicationSupportsIndirectInputEvents = YES;
				INFOPLIST_KEY_UILaunchScreen_Generation = YES;
				INFOPLIST_KEY_UISupportedInterfaceOrientations_iPad = "UIInterfaceOrientationPortrait UIInterfaceOrientationPortraitUpsideDown UIInterfaceOrientationLandscapeLeft UIInterfaceOrientationLandscapeRight";
				INFOPLIST_KEY_UISupportedInterfaceOrientations_iPhone = "UIInterfaceOrientationPortrait UIInterfaceOrientationLandscapeLeft UIInterfaceOrientationLandscapeRight";
				LD_RUNPATH_SEARCH_PATHS = (
					"$(inherited)",
					"@executable_path/Frameworks",
				);
				MARKETING_VERSION = 1.0;
				PRODUCT_BUNDLE_IDENTIFIER = brody.TikTokClone;
				PRODUCT_NAME = "$(TARGET_NAME)";
				SWIFT_EMIT_LOC_STRINGS = YES;
				SWIFT_VERSION = 5.0;
				TARGETED_DEVICE_FAMILY = "1,2";
			};
			name = Release;
		};
		96B99E752D4156E600B46D3D /* Debug */ = {
			isa = XCBuildConfiguration;
			buildSettings = {
				BUNDLE_LOADER = "$(TEST_HOST)";
				CODE_SIGN_STYLE = Automatic;
				CURRENT_PROJECT_VERSION = 1;
				DEVELOPMENT_TEAM = L979M8V7RW;
				GENERATE_INFOPLIST_FILE = YES;
				IPHONEOS_DEPLOYMENT_TARGET = 18.2;
				MARKETING_VERSION = 1.0;
				PRODUCT_BUNDLE_IDENTIFIER = brody.TikTokCloneTests;
				PRODUCT_NAME = "$(TARGET_NAME)";
				SWIFT_EMIT_LOC_STRINGS = NO;
				SWIFT_VERSION = 5.0;
				TARGETED_DEVICE_FAMILY = "1,2";
				TEST_HOST = "$(BUILT_PRODUCTS_DIR)/TikTokClone.app/$(BUNDLE_EXECUTABLE_FOLDER_PATH)/TikTokClone";
			};
			name = Debug;
		};
		96B99E762D4156E600B46D3D /* Release */ = {
			isa = XCBuildConfiguration;
			buildSettings = {
				BUNDLE_LOADER = "$(TEST_HOST)";
				CODE_SIGN_STYLE = Automatic;
				CURRENT_PROJECT_VERSION = 1;
				DEVELOPMENT_TEAM = L979M8V7RW;
				GENERATE_INFOPLIST_FILE = YES;
				IPHONEOS_DEPLOYMENT_TARGET = 18.2;
				MARKETING_VERSION = 1.0;
				PRODUCT_BUNDLE_IDENTIFIER = brody.TikTokCloneTests;
				PRODUCT_NAME = "$(TARGET_NAME)";
				SWIFT_EMIT_LOC_STRINGS = NO;
				SWIFT_VERSION = 5.0;
				TARGETED_DEVICE_FAMILY = "1,2";
				TEST_HOST = "$(BUILT_PRODUCTS_DIR)/TikTokClone.app/$(BUNDLE_EXECUTABLE_FOLDER_PATH)/TikTokClone";
			};
			name = Release;
		};
		96B99E782D4156E600B46D3D /* Debug */ = {
			isa = XCBuildConfiguration;
			buildSettings = {
				CODE_SIGN_STYLE = Automatic;
				CURRENT_PROJECT_VERSION = 1;
				DEVELOPMENT_TEAM = L979M8V7RW;
				GENERATE_INFOPLIST_FILE = YES;
				MARKETING_VERSION = 1.0;
				PRODUCT_BUNDLE_IDENTIFIER = brody.TikTokCloneUITests;
				PRODUCT_NAME = "$(TARGET_NAME)";
				SWIFT_EMIT_LOC_STRINGS = NO;
				SWIFT_VERSION = 5.0;
				TARGETED_DEVICE_FAMILY = "1,2";
				TEST_TARGET_NAME = TikTokClone;
			};
			name = Debug;
		};
		96B99E792D4156E600B46D3D /* Release */ = {
			isa = XCBuildConfiguration;
			buildSettings = {
				CODE_SIGN_STYLE = Automatic;
				CURRENT_PROJECT_VERSION = 1;
				DEVELOPMENT_TEAM = L979M8V7RW;
				GENERATE_INFOPLIST_FILE = YES;
				MARKETING_VERSION = 1.0;
				PRODUCT_BUNDLE_IDENTIFIER = brody.TikTokCloneUITests;
				PRODUCT_NAME = "$(TARGET_NAME)";
				SWIFT_EMIT_LOC_STRINGS = NO;
				SWIFT_VERSION = 5.0;
				TARGETED_DEVICE_FAMILY = "1,2";
				TEST_TARGET_NAME = TikTokClone;
			};
			name = Release;
		};
/* End XCBuildConfiguration section */

/* Begin XCConfigurationList section */
		96B99E482D4156E100B46D3D /* Build configuration list for PBXProject "TikTokClone" */ = {
			isa = XCConfigurationList;
			buildConfigurations = (
				96B99E6F2D4156E600B46D3D /* Debug */,
				96B99E702D4156E600B46D3D /* Release */,
			);
			defaultConfigurationIsVisible = 0;
			defaultConfigurationName = Release;
		};
		96B99E712D4156E600B46D3D /* Build configuration list for PBXNativeTarget "TikTokClone" */ = {
			isa = XCConfigurationList;
			buildConfigurations = (
				96B99E722D4156E600B46D3D /* Debug */,
				96B99E732D4156E600B46D3D /* Release */,
			);
			defaultConfigurationIsVisible = 0;
			defaultConfigurationName = Release;
		};
		96B99E742D4156E600B46D3D /* Build configuration list for PBXNativeTarget "TikTokCloneTests" */ = {
			isa = XCConfigurationList;
			buildConfigurations = (
				96B99E752D4156E600B46D3D /* Debug */,
				96B99E762D4156E600B46D3D /* Release */,
			);
			defaultConfigurationIsVisible = 0;
			defaultConfigurationName = Release;
		};
		96B99E772D4156E600B46D3D /* Build configuration list for PBXNativeTarget "TikTokCloneUITests" */ = {
			isa = XCConfigurationList;
			buildConfigurations = (
				96B99E782D4156E600B46D3D /* Debug */,
				96B99E792D4156E600B46D3D /* Release */,
			);
			defaultConfigurationIsVisible = 0;
			defaultConfigurationName = Release;
		};
/* End XCConfigurationList section */

/* Begin XCRemoteSwiftPackageReference section */
		964A46C02D440AD200A8A718 /* XCRemoteSwiftPackageReference "firebase-ios-sdk" */ = {
			isa = XCRemoteSwiftPackageReference;
			repositoryURL = "https://github.com/firebase/firebase-ios-sdk";
			requirement = {
				kind = upToNextMajorVersion;
				minimumVersion = 11.7.0;
			};
		};
/* End XCRemoteSwiftPackageReference section */

/* Begin XCSwiftPackageProductDependency section */
		964A470A2D440CDA00A8A718 /* FirebaseAnalytics */ = {
			isa = XCSwiftPackageProductDependency;
			package = 964A46C02D440AD200A8A718 /* XCRemoteSwiftPackageReference "firebase-ios-sdk" */;
			productName = FirebaseAnalytics;
		};
		964A470C2D440CDA00A8A718 /* FirebaseAnalyticsOnDeviceConversion */ = {
			isa = XCSwiftPackageProductDependency;
			package = 964A46C02D440AD200A8A718 /* XCRemoteSwiftPackageReference "firebase-ios-sdk" */;
			productName = FirebaseAnalyticsOnDeviceConversion;
		};
		964A470E2D440CDA00A8A718 /* FirebaseAnalyticsWithoutAdIdSupport */ = {
			isa = XCSwiftPackageProductDependency;
			package = 964A46C02D440AD200A8A718 /* XCRemoteSwiftPackageReference "firebase-ios-sdk" */;
			productName = FirebaseAnalyticsWithoutAdIdSupport;
		};
		964A47102D440CDA00A8A718 /* FirebaseAppCheck */ = {
			isa = XCSwiftPackageProductDependency;
			package = 964A46C02D440AD200A8A718 /* XCRemoteSwiftPackageReference "firebase-ios-sdk" */;
			productName = FirebaseAppCheck;
		};
		964A47122D440CDA00A8A718 /* FirebaseAppDistribution-Beta */ = {
			isa = XCSwiftPackageProductDependency;
			package = 964A46C02D440AD200A8A718 /* XCRemoteSwiftPackageReference "firebase-ios-sdk" */;
			productName = "FirebaseAppDistribution-Beta";
		};
/* End XCSwiftPackageProductDependency section */
	};
	rootObject = 96B99E452D4156E100B46D3D /* Project object */;
}
